
Microsoft Visual Studio Solution File, Format Version 12.00
# Visual Studio 15
VisualStudioVersion = 15.0.28307.779
MinimumVisualStudioVersion = 10.0.40219.1
Project("{FAE04EC0-301F-11D3-BF4B-00C04F79EFBC}") = "AzureBuildSampleAPI", "AzureBuildSampleAPI\AzureBuildSampleAPI.csproj", "{69E37576-4BA8-4643-83A0-465C5A3F5931}"
EndProject
Project("{FAE04EC0-301F-11D3-BF4B-00C04F79EFBC}") = "AzureBuildSample.Contracts", "AzureBuildSample.Contracts\AzureBuildSample.Contracts.csproj", "{8E09CF5A-248D-4DB2-99C0-B0D170924286}"
EndProject
Global
	GlobalSection(SolutionConfigurationPlatforms) = preSolution
		Debug|Any CPU = Debug|Any CPU
		Release|Any CPU = Release|Any CPU
	EndGlobalSection
	GlobalSection(ProjectConfigurationPlatforms) = postSolution
		{69E37576-4BA8-4643-83A0-465C5A3F5931}.Debug|Any CPU.ActiveCfg = Debug|Any CPU
		{69E37576-4BA8-4643-83A0-465C5A3F5931}.Debug|Any CPU.Build.0 = Debug|Any CPU
		{69E37576-4BA8-4643-83A0-465C5A3F5931}.Release|Any CPU.ActiveCfg = Release|Any CPU
		{69E37576-4BA8-4643-83A0-465C5A3F5931}.Release|Any CPU.Build.0 = Release|Any CPU
		{8E09CF5A-248D-4DB2-99C0-B0D170924286}.Debug|Any CPU.ActiveCfg = Debug|Any CPU
		{8E09CF5A-248D-4DB2-99C0-B0D170924286}.Debug|Any CPU.Build.0 = Debug|Any CPU
		{8E09CF5A-248D-4DB2-99C0-B0D170924286}.Release|Any CPU.ActiveCfg = Release|Any CPU
		{8E09CF5A-248D-4DB2-99C0-B0D170924286}.Release|Any CPU.Build.0 = Release|Any CPU
	EndGlobalSection
	GlobalSection(SolutionProperties) = preSolution
		HideSolutionNode = FALSE
	EndGlobalSection
	GlobalSection(ExtensibilityGlobals) = postSolution
		SolutionGuid = {891B4294-19B9-40C3-845E-424526DD8E63}
	EndGlobalSection
EndGlobal
